// !$*UTF8*$!
{
	archiveVersion = 1;
	classes = {
	};
	objectVersion = 48;
	objects = {

/* Begin PBXBuildFile section */
		9BE1583D203C1E480066FA8C /* AppDelegate.swift in Sources */ = {isa = PBXBuildFile; fileRef = 9BE1583C203C1E480066FA8C /* AppDelegate.swift */; };
		9BE1583F203C1E480066FA8C /* ViewController.swift in Sources */ = {isa = PBXBuildFile; fileRef = 9BE1583E203C1E480066FA8C /* ViewController.swift */; };
		9BE15842203C1E480066FA8C /* Main.storyboard in Resources */ = {isa = PBXBuildFile; fileRef = 9BE15840203C1E480066FA8C /* Main.storyboard */; };
		9BE15845203C1E480066FA8C /* Design___Day_1.xcdatamodeld in Sources */ = {isa = PBXBuildFile; fileRef = 9BE15843203C1E480066FA8C /* Design___Day_1.xcdatamodeld */; };
		9BE15847203C1E480066FA8C /* Assets.xcassets in Resources */ = {isa = PBXBuildFile; fileRef = 9BE15846203C1E480066FA8C /* Assets.xcassets */; };
		9BE1584A203C1E480066FA8C /* LaunchScreen.storyboard in Resources */ = {isa = PBXBuildFile; fileRef = 9BE15848203C1E480066FA8C /* LaunchScreen.storyboard */; };
/* End PBXBuildFile section */

/* Begin PBXFileReference section */
		9BE15839203C1E480066FA8C /* Design - Day 1.app */ = {isa = PBXFileReference; explicitFileType = wrapper.application; includeInIndex = 0; path = "Design - Day 1.app"; sourceTree = BUILT_PRODUCTS_DIR; };
		9BE1583C203C1E480066FA8C /* AppDelegate.swift */ = {isa = PBXFileReference; lastKnownFileType = sourcecode.swift; path = AppDelegate.swift; sourceTree = "<group>"; };
		9BE1583E203C1E480066FA8C /* ViewController.swift */ = {isa = PBXFileReference; lastKnownFileType = sourcecode.swift; path = ViewController.swift; sourceTree = "<group>"; };
		9BE15841203C1E480066FA8C /* Base */ = {isa = PBXFileReference; lastKnownFileType = file.storyboard; name = Base; path = Base.lproj/Main.storyboard; sourceTree = "<group>"; };
		9BE15844203C1E480066FA8C /* Design___Day_1.xcdatamodel */ = {isa = PBXFileReference; lastKnownFileType = wrapper.xcdatamodel; path = "Design___Day_1.xcdatamodel"; sourceTree = "<group>"; };
		9BE15846203C1E480066FA8C /* Assets.xcassets */ = {isa = PBXFileReference; lastKnownFileType = folder.assetcatalog; path = Assets.xcassets; sourceTree = "<group>"; };
		9BE15849203C1E480066FA8C /* Base */ = {isa = PBXFileReference; lastKnownFileType = file.storyboard; name = Base; path = Base.lproj/LaunchScreen.storyboard; sourceTree = "<group>"; };
		9BE1584B203C1E480066FA8C /* Info.plist */ = {isa = PBXFileReference; lastKnownFileType = text.plist.xml; path = Info.plist; sourceTree = "<group>"; };
/* End PBXFileReference section */

/* Begin PBXFrameworksBuildPhase section */
		9BE15836203C1E480066FA8C /* Frameworks */ = {
			isa = PBXFrameworksBuildPhase;
			buildActionMask = 2147483647;
			files = (
			);
			runOnlyForDeploymentPostprocessing = 0;
		};
/* End PBXFrameworksBuildPhase section */

/* Begin PBXGroup section */
		9BE15830203C1E470066FA8C = {
			isa = PBXGroup;
			children = (
				9BE1583B203C1E480066FA8C /* Design - Day 1 */,
				9BE1583A203C1E480066FA8C /* Products */,
			);
			sourceTree = "<group>";
		};
		9BE1583A203C1E480066FA8C /* Products */ = {
			isa = PBXGroup;
			children = (
				9BE15839203C1E480066FA8C /* Design - Day 1.app */,
			);
			name = Products;
			sourceTree = "<group>";
		};
		9BE1583B203C1E480066FA8C /* Design - Day 1 */ = {
			isa = PBXGroup;
			children = (
				9BE1583C203C1E480066FA8C /* AppDelegate.swift */,
				9BE1583E203C1E480066FA8C /* ViewController.swift */,
				9BE15840203C1E480066FA8C /* Main.storyboard */,
				9BE15846203C1E480066FA8C /* Assets.xcassets */,
				9BE15848203C1E480066FA8C /* LaunchScreen.storyboard */,
				9BE1584B203C1E480066FA8C /* Info.plist */,
				9BE15843203C1E480066FA8C /* Design___Day_1.xcdatamodeld */,
			);
			path = "Design - Day 1";
			sourceTree = "<group>";
		};
/* End PBXGroup section */

/* Begin PBXNativeTarget section */
		9BE15838203C1E480066FA8C /* Design - Day 1 */ = {
			isa = PBXNativeTarget;
			buildConfigurationList = 9BE1584E203C1E480066FA8C /* Build configuration list for PBXNativeTarget "Design - Day 1" */;
			buildPhases = (
				9BE15835203C1E480066FA8C /* Sources */,
				9BE15836203C1E480066FA8C /* Frameworks */,
				9BE15837203C1E480066FA8C /* Resources */,
			);
			buildRules = (
			);
			dependencies = (
			);
			name = "Design - Day 1";
			productName = "Design - Day 1";
			productReference = 9BE15839203C1E480066FA8C /* Design - Day 1.app */;
			productType = "com.apple.product-type.application";
		};
/* End PBXNativeTarget section */

/* Begin PBXProject section */
		9BE15831203C1E470066FA8C /* Project object */ = {
			isa = PBXProject;
			attributes = {
				LastSwiftUpdateCheck = 0920;
				LastUpgradeCheck = 0920;
				ORGANIZATIONNAME = Dilpreet;
				TargetAttributes = {
					9BE15838203C1E480066FA8C = {
						CreatedOnToolsVersion = 9.2;
						ProvisioningStyle = Automatic;
					};
				};
			};
			buildConfigurationList = 9BE15834203C1E470066FA8C /* Build configuration list for PBXProject "Design - Day 1" */;
			compatibilityVersion = "Xcode 8.0";
			developmentRegion = en;
			hasScannedForEncodings = 0;
			knownRegions = (
				en,
				Base,
			);
			mainGroup = 9BE15830203C1E470066FA8C;
			productRefGroup = 9BE1583A203C1E480066FA8C /* Products */;
			projectDirPath = "";
			projectRoot = "";
			targets = (
				9BE15838203C1E480066FA8C /* Design - Day 1 */,
			);
		};
/* End PBXProject section */

/* Begin PBXResourcesBuildPhase section */
		9BE15837203C1E480066FA8C /* Resources */ = {
			isa = PBXResourcesBuildPhase;
			buildActionMask = 2147483647;
			files = (
				9BE1584A203C1E480066FA8C /* LaunchScreen.storyboard in Resources */,
				9BE15847203C1E480066FA8C /* Assets.xcassets in Resources */,
				9BE15842203C1E480066FA8C /* Main.storyboard in Resources */,
			);
			runOnlyForDeploymentPostprocessing = 0;
		};
/* End PBXResourcesBuildPhase section */

/* Begin PBXSourcesBuildPhase section */
		9BE15835203C1E480066FA8C /* Sources */ = {
			isa = PBXSourcesBuildPhase;
			buildActionMask = 2147483647;
			files = (
				9BE1583F203C1E480066FA8C /* ViewController.swift in Sources */,
				9BE1583D203C1E480066FA8C /* AppDelegate.swift in Sources */,
				9BE15845203C1E480066FA8C /* Design___Day_1.xcdatamodeld in Sources */,
			);
			runOnlyForDeploymentPostprocessing = 0;
		};
/* End PBXSourcesBuildPhase section */

/* Begin PBXVariantGroup section */
		9BE15840203C1E480066FA8C /* Main.storyboard */ = {
			isa = PBXVariantGroup;
			children = (
				9BE15841203C1E480066FA8C /* Base */,
			);
			name = Main.storyboard;
			sourceTree = "<group>";
		};
		9BE15848203C1E480066FA8C /* LaunchScreen.storyboard */ = {
			isa = PBXVariantGroup;
			children = (
				9BE15849203C1E480066FA8C /* Base */,
			);
			name = LaunchScreen.storyboard;
			sourceTree = "<group>";
		};
/* End PBXVariantGroup section */

/* Begin XCBuildConfiguration section */
		9BE1584C203C1E480066FA8C /* Debug */ = {
			isa = XCBuildConfiguration;
			buildSettings = {
				ALWAYS_SEARCH_USER_PATHS = NO;
				CLANG_ANALYZER_NONNULL = YES;
				CLANG_ANALYZER_NUMBER_OBJECT_CONVERSION = YES_AGGRESSIVE;
				CLANG_CXX_LANGUAGE_STANDARD = "gnu++14";
				CLANG_CXX_LIBRARY = "libc++";
				CLANG_ENABLE_MODULES = YES;
				CLANG_ENABLE_OBJC_ARC = YES;
				CLANG_WARN_BLOCK_CAPTURE_AUTORELEASING = YES;
				CLANG_WARN_BOOL_CONVERSION = YES;
				CLANG_WARN_COMMA = YES;
				CLANG_WARN_CONSTANT_CONVERSION = YES;
				CLANG_WARN_DIRECT_OBJC_ISA_USAGE = YES_ERROR;
				CLANG_WARN_DOCUMENTATION_COMMENTS = YES;
				CLANG_WARN_EMPTY_BODY = YES;
				CLANG_WARN_ENUM_CONVERSION = YES;
				CLANG_WARN_INFINITE_RECURSION = YES;
				CLANG_WARN_INT_CONVERSION = YES;
				CLANG_WARN_NON_LITERAL_NULL_CONVERSION = YES;
				CLANG_WARN_OBJC_LITERAL_CONVERSION = YES;
				CLANG_WARN_OBJC_ROOT_CLASS = YES_ERROR;
				CLANG_WARN_RANGE_LOOP_ANALYSIS = YES;
				CLANG_WARN_STRICT_PROTOTYPES = YES;
				CLANG_WARN_SUSPICIOUS_MOVE = YES;
				CLANG_WARN_UNGUARDED_AVAILABILITY = YES_AGGRESSIVE;
				CLANG_WARN_UNREACHABLE_CODE = YES;
				CLANG_WARN__DUPLICATE_METHOD_MATCH = YES;
				CODE_SIGN_IDENTITY = "iPhone Developer";
				COPY_PHASE_STRIP = NO;
				DEBUG_INFORMATION_FORMAT = dwarf;
				ENABLE_STRICT_OBJC_MSGSEND = YES;
				ENABLE_TESTABILITY = YES;
				GCC_C_LANGUAGE_STANDARD = gnu11;
				GCC_DYNAMIC_NO_PIC = NO;
				GCC_NO_COMMON_BLOCKS = YES;
				GCC_OPTIMIZATION_LEVEL = 0;
				GCC_PREPROCESSOR_DEFINITIONS = (
					"DEBUG=1",
					"$(inherited)",
				);
				GCC_WARN_64_TO_32_BIT_CONVERSION = YES;
				GCC_WARN_ABOUT_RETURN_TYPE = YES_ERROR;
				GCC_WARN_UNDECLARED_SELECTOR = YES;
				GCC_WARN_UNINITIALIZED_AUTOS = YES_AGGRESSIVE;
				GCC_WARN_UNUSED_FUNCTION = YES;
				GCC_WARN_UNUSED_VARIABLE = YES;
				IPHONEOS_DEPLOYMENT_TARGET = 11.2;
				MTL_ENABLE_DEBUG_INFO = YES;
				ONLY_ACTIVE_ARCH = YES;
				SDKROOT = iphoneos;
				SWIFT_ACTIVE_COMPILATION_CONDITIONS = DEBUG;
				SWIFT_OPTIMIZATION_LEVEL = "-Onone";
			};
			name = Debug;
		};
		9BE1584D203C1E480066FA8C /* Release */ = {
			isa = XCBuildConfiguration;
			buildSettings = {
				ALWAYS_SEARCH_USER_PATHS = NO;
				CLANG_ANALYZER_NONNULL = YES;
				CLANG_ANALYZER_NUMBER_OBJECT_CONVERSION = YES_AGGRESSIVE;
				CLANG_CXX_LANGUAGE_STANDARD = "gnu++14";
				CLANG_CXX_LIBRARY = "libc++";
				CLANG_ENABLE_MODULES = YES;
				CLANG_ENABLE_OBJC_ARC = YES;
				CLANG_WARN_BLOCK_CAPTURE_AUTORELEASING = YES;
				CLANG_WARN_BOOL_CONVERSION = YES;
				CLANG_WARN_COMMA = YES;
				CLANG_WARN_CONSTANT_CONVERSION = YES;
				CLANG_WARN_DIRECT_OBJC_ISA_USAGE = YES_ERROR;
				CLANG_WARN_DOCUMENTATION_COMMENTS = YES;
				CLANG_WARN_EMPTY_BODY = YES;
				CLANG_WARN_ENUM_CONVERSION = YES;
				CLANG_WARN_INFINITE_RECURSION = YES;
				CLANG_WARN_INT_CONVERSION = YES;
				CLANG_WARN_NON_LITERAL_NULL_CONVERSION = YES;
				CLANG_WARN_OBJC_LITERAL_CONVERSION = YES;
				CLANG_WARN_OBJC_ROOT_CLASS = YES_ERROR;
				CLANG_WARN_RANGE_LOOP_ANALYSIS = YES;
				CLANG_WARN_STRICT_PROTOTYPES = YES;
				CLANG_WARN_SUSPICIOUS_MOVE = YES;
				CLANG_WARN_UNGUARDED_AVAILABILITY = YES_AGGRESSIVE;
				CLANG_WARN_UNREACHABLE_CODE = YES;
				CLANG_WARN__DUPLICATE_METHOD_MATCH = YES;
				CODE_SIGN_IDENTITY = "iPhone Developer";
				COPY_PHASE_STRIP = NO;
				DEBUG_INFORMATION_FORMAT = "dwarf-with-dsym";
				ENABLE_NS_ASSERTIONS = NO;
				ENABLE_STRICT_OBJC_MSGSEND = YES;
				GCC_C_LANGUAGE_STANDARD = gnu11;
				GCC_NO_COMMON_BLOCKS = YES;
				GCC_WARN_64_TO_32_BIT_CONVERSION = YES;
				GCC_WARN_ABOUT_RETURN_TYPE = YES_ERROR;
				GCC_WARN_UNDECLARED_SELECTOR = YES;
				GCC_WARN_UNINITIALIZED_AUTOS = YES_AGGRESSIVE;
				GCC_WARN_UNUSED_FUNCTION = YES;
				GCC_WARN_UNUSED_VARIABLE = YES;
				IPHONEOS_DEPLOYMENT_TARGET = 11.2;
				MTL_ENABLE_DEBUG_INFO = NO;
				SDKROOT = iphoneos;
				SWIFT_OPTIMIZATION_LEVEL = "-Owholemodule";
				VALIDATE_PRODUCT = YES;
			};
			name = Release;
		};
		9BE1584F203C1E480066FA8C /* Debug */ = {
			isa = XCBuildConfiguration;
			buildSettings = {
				ASSETCATALOG_COMPILER_APPICON_NAME = AppIcon;
				CODE_SIGN_STYLE = Automatic;
				INFOPLIST_FILE = "Design - Day 1/Info.plist";
				IPHONEOS_DEPLOYMENT_TARGET = 11.2;
				LD_RUNPATH_SEARCH_PATHS = "$(inherited) @executable_path/Frameworks";
				PRODUCT_BUNDLE_IDENTIFIER = "DST-Inc.Design---Day-1";
				PRODUCT_NAME = "$(TARGET_NAME)";
				SWIFT_VERSION = 4.0;
				TARGETED_DEVICE_FAMILY = "1,2";
			};
			name = Debug;
		};
		9BE15850203C1E480066FA8C /* Release */ = {
			isa = XCBuildConfiguration;
			buildSettings = {
				ASSETCATALOG_COMPILER_APPICON_NAME = AppIcon;
				CODE_SIGN_STYLE = Automatic;
				INFOPLIST_FILE = "Design - Day 1/Info.plist";
				IPHONEOS_DEPLOYMENT_TARGET = 11.2;
				LD_RUNPATH_SEARCH_PATHS = "$(inherited) @executable_path/Frameworks";
				PRODUCT_BUNDLE_IDENTIFIER = "DST-Inc.Design---Day-1";
				PRODUCT_NAME = "$(TARGET_NAME)";
				SWIFT_VERSION = 4.0;
				TARGETED_DEVICE_FAMILY = "1,2";
			};
			name = Release;
		};
/* End XCBuildConfiguration section */

/* Begin XCConfigurationList section */
		9BE15834203C1E470066FA8C /* Build configuration list for PBXProject "Design - Day 1" */ = {
			isa = XCConfigurationList;
			buildConfigurations = (
				9BE1584C203C1E480066FA8C /* Debug */,
				9BE1584D203C1E480066FA8C /* Release */,
			);
			defaultConfigurationIsVisible = 0;
			defaultConfigurationName = Release;
		};
		9BE1584E203C1E480066FA8C /* Build configuration list for PBXNativeTarget "Design - Day 1" */ = {
			isa = XCConfigurationList;
			buildConfigurations = (
				9BE1584F203C1E480066FA8C /* Debug */,
				9BE15850203C1E480066FA8C /* Release */,
			);
			defaultConfigurationIsVisible = 0;
			defaultConfigurationName = Release;
		};
/* End XCConfigurationList section */

/* Begin XCVersionGroup section */
		9BE15843203C1E480066FA8C /* Design___Day_1.xcdatamodeld */ = {
			isa = XCVersionGroup;
			children = (
				9BE15844203C1E480066FA8C /* Design___Day_1.xcdatamodel */,
			);
			currentVersion = 9BE15844203C1E480066FA8C /* Design___Day_1.xcdatamodel */;
			path = "Design___Day_1.xcdatamodeld";
			sourceTree = "<group>";
			versionGroupType = wrapper.xcdatamodel;
		};
/* End XCVersionGroup section */
	};
	rootObject = 9BE15831203C1E470066FA8C /* Project object */;
}
